
Microsoft Visual Studio Solution File, Format Version 12.00
# Visual Studio Version 16
VisualStudioVersion = 16.0.29709.97
MinimumVisualStudioVersion = 10.0.40219.1
Project("{8BC9CEB8-8B4A-11D0-8D11-00A0C91BC942}") = "LuaLib", "LuaLib\LuaLib.vcxproj", "{71FC9FC1-F46F-41D4-913E-07298D6E8220}"
EndProject
Project("{8BC9CEB8-8B4A-11D0-8D11-00A0C91BC942}") = "ActualConsole", "ActualConsole\ActualConsole.vcxproj", "{82B12053-4DA0-440B-8AF4-55F49658299E}"
EndProject
Project("{8BC9CEB8-8B4A-11D0-8D11-00A0C91BC942}") = "KernelLuaVm", "KernelLuaVm\KernelLuaVm.vcxproj", "{7FAC530A-63E4-4C27-86E1-B318205E4C0E}"
EndProject
Global
	GlobalSection(SolutionConfigurationPlatforms) = preSolution
		Debug|x64 = Debug|x64
		Debug|x86 = Debug|x86
		Release|x64 = Release|x64
		Release|x86 = Release|x86
	EndGlobalSection
	GlobalSection(ProjectConfigurationPlatforms) = postSolution
		{71FC9FC1-F46F-41D4-913E-07298D6E8220}.Debug|x64.ActiveCfg = Debug|x64
		{71FC9FC1-F46F-41D4-913E-07298D6E8220}.Debug|x64.Build.0 = Debug|x64
		{71FC9FC1-F46F-41D4-913E-07298D6E8220}.Debug|x64.Deploy.0 = Debug|x64
		{71FC9FC1-F46F-41D4-913E-07298D6E8220}.Debug|x86.ActiveCfg = Debug|Win32
		{71FC9FC1-F46F-41D4-913E-07298D6E8220}.Debug|x86.Build.0 = Debug|Win32
		{71FC9FC1-F46F-41D4-913E-07298D6E8220}.Debug|x86.Deploy.0 = Debug|Win32
		{71FC9FC1-F46F-41D4-913E-07298D6E8220}.Release|x64.ActiveCfg = Release|x64
		{71FC9FC1-F46F-41D4-913E-07298D6E8220}.Release|x64.Build.0 = Release|x64
		{71FC9FC1-F46F-41D4-913E-07298D6E8220}.Release|x64.Deploy.0 = Release|x64
		{71FC9FC1-F46F-41D4-913E-07298D6E8220}.Release|x86.ActiveCfg = Release|Win32
		{71FC9FC1-F46F-41D4-913E-07298D6E8220}.Release|x86.Build.0 = Release|Win32
		{71FC9FC1-F46F-41D4-913E-07298D6E8220}.Release|x86.Deploy.0 = Release|Win32
		{82B12053-4DA0-440B-8AF4-55F49658299E}.Debug|x64.ActiveCfg = Debug|x64
		{82B12053-4DA0-440B-8AF4-55F49658299E}.Debug|x64.Build.0 = Debug|x64
		{82B12053-4DA0-440B-8AF4-55F49658299E}.Debug|x86.ActiveCfg = Debug|Win32
		{82B12053-4DA0-440B-8AF4-55F49658299E}.Debug|x86.Build.0 = Debug|Win32
		{82B12053-4DA0-440B-8AF4-55F49658299E}.Release|x64.ActiveCfg = Release|x64
		{82B12053-4DA0-440B-8AF4-55F49658299E}.Release|x64.Build.0 = Release|x64
		{82B12053-4DA0-440B-8AF4-55F49658299E}.Release|x86.ActiveCfg = Release|Win32
		{82B12053-4DA0-440B-8AF4-55F49658299E}.Release|x86.Build.0 = Release|Win32
		{7FAC530A-63E4-4C27-86E1-B318205E4C0E}.Debug|x64.ActiveCfg = Debug|x64
		{7FAC530A-63E4-4C27-86E1-B318205E4C0E}.Debug|x64.Build.0 = Debug|x64
		{7FAC530A-63E4-4C27-86E1-B318205E4C0E}.Debug|x64.Deploy.0 = Debug|x64
		{7FAC530A-63E4-4C27-86E1-B318205E4C0E}.Debug|x86.ActiveCfg = Debug|Win32
		{7FAC530A-63E4-4C27-86E1-B318205E4C0E}.Debug|x86.Build.0 = Debug|Win32
		{7FAC530A-63E4-4C27-86E1-B318205E4C0E}.Debug|x86.Deploy.0 = Debug|Win32
		{7FAC530A-63E4-4C27-86E1-B318205E4C0E}.Release|x64.ActiveCfg = Release|x64
		{7FAC530A-63E4-4C27-86E1-B318205E4C0E}.Release|x64.Build.0 = Release|x64
		{7FAC530A-63E4-4C27-86E1-B318205E4C0E}.Release|x64.Deploy.0 = Release|x64
		{7FAC530A-63E4-4C27-86E1-B318205E4C0E}.Release|x86.ActiveCfg = Release|Win32
		{7FAC530A-63E4-4C27-86E1-B318205E4C0E}.Release|x86.Build.0 = Release|Win32
		{7FAC530A-63E4-4C27-86E1-B318205E4C0E}.Release|x86.Deploy.0 = Release|Win32
	EndGlobalSection
	GlobalSection(SolutionProperties) = preSolution
		HideSolutionNode = FALSE
	EndGlobalSection
	GlobalSection(ExtensibilityGlobals) = postSolution
		SolutionGuid = {F86C24F0-ACB0-423E-9DBC-C1B65F86BC4A}
	EndGlobalSection
EndGlobal
